# THIS IS AN AUTOGENERATED FILE. DO NOT EDIT THIS FILE DIRECTLY.
# yarn lockfile v1


httpplease@^0.16.4:
  version "0.16.4"
  resolved "https://registry.yarnpkg.com/httpplease/-/httpplease-0.16.4.tgz#d382ebe230ef5079080b4e9ffebf316a9e75c0da"
  integrity sha1-04Lr4jDvUHkIC06f/r8xap51wNo=
  dependencies:
    urllite "~0.5.0"
    xmlhttprequest "*"
    xtend "~3.0.0"

"js-tokens@^3.0.0 || ^4.0.0":
  version "4.0.0"
  resolved "https://registry.yarnpkg.com/js-tokens/-/js-tokens-4.0.0.tgz#19203fb59991df98e3a287050d4647cdeaf32499"
  integrity sha512-RdJUflcE3cUzKiMqQgsCu06FPu9UdIJO0beYbPhHN4k6apgJtifcoCtT9bcxOpYBtpD2kCM6Sbzg4CausW/PKQ==

loose-envify@^1.4.0:
  version "1.4.0"
  resolved "https://registry.yarnpkg.com/loose-envify/-/loose-envify-1.4.0.tgz#71ee51fa7be4caec1a63839f7e682d8132d30caf"
  integrity sha512-lyuxPGr/Wfhrlem2CL/UcnUc1zcqKAImBDzukY7Y5F/yQiNdko6+fRLevlw1HgMySw7f611UIY408EtxRSoK3Q==
  dependencies:
    js-tokens "^3.0.0 || ^4.0.0"

object-assign@^4.1.1:
  version "4.1.1"
  resolved "https://registry.yarnpkg.com/object-assign/-/object-assign-4.1.1.tgz#2109adc7965887cfc05cbbd442cac8bfbb360863"
  integrity sha1-IQmtx5ZYh8/AXLvUQsrIv7s2CGM=

once@^1.4.0:
  version "1.4.0"
  resolved "https://registry.yarnpkg.com/once/-/once-1.4.0.tgz#583b1aa775961d4b113ac17d9c50baef9dd76bd1"
  integrity sha1-WDsap3WWHUsROsF9nFC6753Xa9E=
  dependencies:
    wrappy "1"

prop-types@^15.5.8:
  version "15.7.2"
  resolved "https://registry.yarnpkg.com/prop-types/-/prop-types-15.7.2.tgz#52c41e75b8c87e72b9d9360e0206b99dcbffa6c5"
  integrity sha512-8QQikdH7//R2vurIJSutZ1smHYTcLpRWEOlHnzcWHmBYrOGUysKwSsrC89BCiFj3CbrfJ/nXFdJepOVrY1GCHQ==
  dependencies:
    loose-envify "^1.4.0"
    object-assign "^4.1.1"
    react-is "^16.8.1"

react-inlinesvg@^0.8.4:
  version "0.8.4"
  resolved "https://registry.yarnpkg.com/react-inlinesvg/-/react-inlinesvg-0.8.4.tgz#5cdcece95c633d924092fdcabbf4dcab8baef1bd"
  integrity sha512-pMkYa09gsP+5mA5uYDon5TxJbu76rJqdPSQ9nTRZbVacH58Eo3tFxD0Z382cioxNrpeqWHI/hquzt00GaahnkA==
  dependencies:
    httpplease "^0.16.4"
    once "^1.4.0"

react-is@^16.8.1:
  version "16.8.3"
  resolved "https://registry.yarnpkg.com/react-is/-/react-is-16.8.3.tgz#4ad8b029c2a718fc0cfc746c8d4e1b7221e5387d"
  integrity sha512-Y4rC1ZJmsxxkkPuMLwvKvlL1Zfpbcu+Bf4ZigkHup3v9EfdYhAlWAaVyA19olXq2o2mGn0w+dFKvk3pVVlYcIA==

react-toggle-display@^2.2.0:
  version "2.2.0"
  resolved "https://registry.yarnpkg.com/react-toggle-display/-/react-toggle-display-2.2.0.tgz#20a66de23e69d5bd975c4bb3cfeaf18748266c49"
  integrity sha1-IKZt4j5p1b2XXEuzz+rxh0gmbEk=
  dependencies:
    prop-types "^15.5.8"

urllite@~0.5.0:
  version "0.5.0"
  resolved "https://registry.yarnpkg.com/urllite/-/urllite-0.5.0.tgz#1b7bb9ca3fb0db9520de113466bbcf7cc341451a"
  integrity sha1-G3u5yj+w25Ug3hE0ZrvPfMNBRRo=
  dependencies:
    xtend "~4.0.0"

wrappy@1:
  version "1.0.2"
  resolved "https://registry.yarnpkg.com/wrappy/-/wrappy-1.0.2.tgz#b5243d8f3ec1aa35f1364605bc0d1036e30ab69f"
  integrity sha1-tSQ9jz7BqjXxNkYFvA0QNuMKtp8=

xmlhttprequest@*:
  version "1.8.0"
  resolved "https://registry.yarnpkg.com/xmlhttprequest/-/xmlhttprequest-1.8.0.tgz#67fe075c5c24fef39f9d65f5f7b7fe75171968fc"
  integrity sha1-Z/4HXFwk/vOfnWX197f+dRcZaPw=

xtend@~3.0.0:
  version "3.0.0"
  resolved "https://registry.yarnpkg.com/xtend/-/xtend-3.0.0.tgz#5cce7407baf642cba7becda568111c493f59665a"
  integrity sha1-XM50B7r2Qsunvs2laBEcST9ZZlo=

xtend@~4.0.0:
  version "4.0.1"
  resolved "https://registry.yarnpkg.com/xtend/-/xtend-4.0.1.tgz#a5c6d532be656e23db820efb943a1f04998d63af"
  integrity sha1-pcbVMr5lbiPbgg77lDofBJmNY68=
